{
  "name": "clover-cloud-pay-example",
  "version": "1.0.0",
  "lockfileVersion": 1,
  "requires": true,
  "dependencies": {
    "eventemitter3": {
      "version": "3.1.0",
      "resolved": "https://registry.npmjs.org/eventemitter3/-/eventemitter3-3.1.0.tgz",
      "integrity": "sha512-ivIvhpq/Y0uSjcHDcOIccjmYjGLcP09MFGE7ysAwkAvkXfpZlC985pH2/ui64DKazbTW/4kN3yqozUxlXzI6cA=="
    },
    "remote-pay-cloud": {
      "version": "3.0.1",
      "resolved": "https://registry.npmjs.org/remote-pay-cloud/-/remote-pay-cloud-3.0.1.tgz",
      "integrity": "sha512-OXuRuF9OSpf/9ANnI6rVY/Xs0d04aqLz6VH1DITqO3qqWGgbDJq3szkJ+Q5I1kUfaU8QgDEu4P1v6iANd45hsA==",
      "requires": {
        "eventemitter3": "3.1.0",
        "remote-pay-cloud-api": "3.0.1"
      }
    },
    "remote-pay-cloud-api": {
      "version": "3.0.1",
      "resolved": "https://registry.npmjs.org/remote-pay-cloud-api/-/remote-pay-cloud-api-3.0.1.tgz",
      "integrity": "sha512-IAW/UrH9MfgTh4FIQs/cfL8WQE39fgN9+hZoaj34pgQhaftpF8+U/Jx6hrLeFA/GZdG8dPDGU21HULxvW5LU3A=="
    }
  }
}
